DEPENDENCIES
  nexus
    path: .
    metadata: true
  test
    path: test/fixtures/cookbooks/test

GRAPH
  ark (4.0.0)
    build-essential (>= 0.0.0)
    seven_zip (>= 0.0.0)
  build-essential (8.2.1)
    mingw (>= 1.1)
    seven_zip (>= 0.0.0)
  homebrew (5.0.8)
  java (3.1.1)
    homebrew (>= 0.0.0)
    windows (>= 0.0.0)
  mingw (2.1.0)
    seven_zip (>= 0.0.0)
  nexus (1.0.0)
    ark (>= 0.0.0)
    java (>= 0.0.0)
    runit (>= 0.0.0)
  packagecloud (1.0.1)
  runit (4.3.0)
    packagecloud (>= 0.0.0)
    yum-epel (>= 0.0.0)
  seven_zip (3.1.0)
    windows (>= 0.0.0)
  test (0.1.0)
    nexus (>= 0.0.0)
  windows (5.2.0)
  yum-epel (3.3.0)
