SITE
  remote: http://community.opscode.com/api/v1
  specs:
    7-zip (1.0.2)
      windows (>= 1.2.2)
    apt (2.5.3)
    ark (0.9.0)
      7-zip (>= 0.0.0)
      windows (>= 0.0.0)
    build-essential (2.0.6)
    chef_handler (1.1.6)
    java (1.27.0)
    windows (1.34.2)
      chef_handler (>= 0.0.0)
    yum (3.2.4)
    yum-epel (0.4.0)
      yum (~> 3.0)

GIT
  remote: git://github.com/hw-cookbooks/runit.git
  ref: master
  sha: d54b9ade9311c3bdf242c9d6650b9fd761588247
  specs:
    runit (1.5.11)
      build-essential (>= 0.0.0)
      yum (~> 3.0)
      yum-epel (>= 0.0.0)

PATH
  remote: .
  specs:
    nexus (1.0.0)
      ark (>= 0.0.0)
      java (>= 0.0.0)
      runit (>= 0.0.0)

PATH
  remote: test/cookbooks/nexus_test
  specs:
    nexus_test (0.1.0)
      nexus (>= 0.0.0)

DEPENDENCIES
  apt (>= 0)
  nexus (>= 0)
  nexus_test (>= 0)
  runit (>= 0)
  yum (>= 0)

